# This file is automatically @generated by Cargo.
# It is not intended for manual editing.
version = 4

[[package]]
name = "cadenza-app"
version = "0.1.0"
dependencies = [
 "cadenza-core",
 "cadenza-infra",
 "cadenza-ui",
]

[[package]]
name = "cadenza-core"
version = "0.1.0"

[[package]]
name = "cadenza-infra"
version = "0.1.0"
dependencies = [
 "cadenza-core",
]

[[package]]
name = "cadenza-testkit"
version = "0.1.0"
dependencies = [
 "cadenza-core",
]

[[package]]
name = "cadenza-ui"
version = "0.1.0"
dependencies = [
 "cadenza-core",
]
